
Microsoft Visual Studio Solution File, Format Version 12.00
# Visual Studio 15
VisualStudioVersion = 15.0.26730.16
MinimumVisualStudioVersion = 10.0.40219.1
Project("{FAE04EC0-301F-11D3-BF4B-00C04F79EFBC}") = "DotNetGraph", "DotNetGraph\DotNetGraph.csproj", "{A1D7E368-27F4-4088-98C3-69B83B8EBB6E}"
EndProject
Project("{FAE04EC0-301F-11D3-BF4B-00C04F79EFBC}") = "DotNetGraph.Tests", "DotNetGraph.Tests\DotNetGraph.Tests.csproj", "{353B34ED-4C2D-42D9-B7EC-196FAC7D14EB}"
EndProject
Global
	GlobalSection(SolutionConfigurationPlatforms) = preSolution
		Debug|Any CPU = Debug|Any CPU
		Release|Any CPU = Release|Any CPU
	EndGlobalSection
	GlobalSection(ProjectConfigurationPlatforms) = postSolution
		{A1D7E368-27F4-4088-98C3-69B83B8EBB6E}.Debug|Any CPU.ActiveCfg = Debug|Any CPU
		{A1D7E368-27F4-4088-98C3-69B83B8EBB6E}.Debug|Any CPU.Build.0 = Debug|Any CPU
		{A1D7E368-27F4-4088-98C3-69B83B8EBB6E}.Release|Any CPU.ActiveCfg = Release|Any CPU
		{A1D7E368-27F4-4088-98C3-69B83B8EBB6E}.Release|Any CPU.Build.0 = Release|Any CPU
		{353B34ED-4C2D-42D9-B7EC-196FAC7D14EB}.Debug|Any CPU.ActiveCfg = Debug|Any CPU
		{353B34ED-4C2D-42D9-B7EC-196FAC7D14EB}.Debug|Any CPU.Build.0 = Debug|Any CPU
		{353B34ED-4C2D-42D9-B7EC-196FAC7D14EB}.Release|Any CPU.ActiveCfg = Release|Any CPU
		{353B34ED-4C2D-42D9-B7EC-196FAC7D14EB}.Release|Any CPU.Build.0 = Release|Any CPU
	EndGlobalSection
	GlobalSection(SolutionProperties) = preSolution
		HideSolutionNode = FALSE
	EndGlobalSection
	GlobalSection(ExtensibilityGlobals) = postSolution
		SolutionGuid = {EA662D1D-6F39-4106-89D0-A1B24D74747D}
	EndGlobalSection
EndGlobal
